
Microsoft Visual Studio Solution File, Format Version 12.00
# Visual Studio Version 16
VisualStudioVersion = 16.0.28803.452
MinimumVisualStudioVersion = 10.0.40219.1
Project("{FAE04EC0-301F-11D3-BF4B-00C04F79EFBC}") = "05_Class_Instance", "05_Class_Instance\05_Class_Instance.csproj", "{4935B041-E6F4-43B1-A991-F193BB0C8128}"
EndProject
Global
	GlobalSection(SolutionConfigurationPlatforms) = preSolution
		Debug|Any CPU = Debug|Any CPU
		Release|Any CPU = Release|Any CPU
	EndGlobalSection
	GlobalSection(ProjectConfigurationPlatforms) = postSolution
		{4935B041-E6F4-43B1-A991-F193BB0C8128}.Debug|Any CPU.ActiveCfg = Debug|Any CPU
		{4935B041-E6F4-43B1-A991-F193BB0C8128}.Debug|Any CPU.Build.0 = Debug|Any CPU
		{4935B041-E6F4-43B1-A991-F193BB0C8128}.Release|Any CPU.ActiveCfg = Release|Any CPU
		{4935B041-E6F4-43B1-A991-F193BB0C8128}.Release|Any CPU.Build.0 = Release|Any CPU
	EndGlobalSection
	GlobalSection(SolutionProperties) = preSolution
		HideSolutionNode = FALSE
	EndGlobalSection
	GlobalSection(ExtensibilityGlobals) = postSolution
		SolutionGuid = {464C83FA-FA0F-4923-B656-2AE43F2755E4}
	EndGlobalSection
EndGlobal
